
Microsoft Visual Studio Solution File, Format Version 12.00
# SQL Server Management Studio Version 21
VisualStudioVersion = 17.14.36603.0 d17.14
MinimumVisualStudioVersion = 10.0.40219.1
Project("{4F2E2C19-372F-40D8-9FA7-9D2138C6997A}") = "Scripts do SQL Server1", "Scripts do SQL Server1.ssmssqlproj", "{374428AD-8C8D-A302-ADF2-2D0467D6F55C}"
EndProject
Global
	GlobalSection(SolutionConfigurationPlatforms) = preSolution
		Default|Default = Default|Default
	EndGlobalSection
	GlobalSection(ProjectConfigurationPlatforms) = postSolution
		{374428AD-8C8D-A302-ADF2-2D0467D6F55C}.Default|Default.ActiveCfg = Default
		{6DBF6B08-486A-480E-9381-F24E8E8EA563}.Default|Default.ActiveCfg = Default
	EndGlobalSection
	GlobalSection(SolutionProperties) = preSolution
		HideSolutionNode = FALSE
	EndGlobalSection
	GlobalSection(ExtensibilityGlobals) = postSolution
		SolutionGuid = {663DDFE4-94C5-4413-A810-C5AF0D64A2BA}
	EndGlobalSection
EndGlobal
